// !$*UTF8*$!
{
	archiveVersion = 1;
	classes = {
	};
	objectVersion = 46;
	objects = {

/* Begin PBXBuildFile section */
		42E532A71DD0464300D695B8 /* AppDelegate.swift in Sources */ = {isa = PBXBuildFile; fileRef = 42E532A61DD0464300D695B8 /* AppDelegate.swift */; };
		42E532A91DD0464300D695B8 /* ViewController.swift in Sources */ = {isa = PBXBuildFile; fileRef = 42E532A81DD0464300D695B8 /* ViewController.swift */; };
		42E532AC1DD0464300D695B8 /* Main.storyboard in Resources */ = {isa = PBXBuildFile; fileRef = 42E532AA1DD0464300D695B8 /* Main.storyboard */; };
		42E532AE1DD0464300D695B8 /* Assets.xcassets in Resources */ = {isa = PBXBuildFile; fileRef = 42E532AD1DD0464300D695B8 /* Assets.xcassets */; };
		42E532B11DD0464300D695B8 /* LaunchScreen.storyboard in Resources */ = {isa = PBXBuildFile; fileRef = 42E532AF1DD0464300D695B8 /* LaunchScreen.storyboard */; };
/* End PBXBuildFile section */

/* Begin PBXFileReference section */
		42E532A31DD0464300D695B8 /* ChampionDex.app */ = {isa = PBXFileReference; explicitFileType = wrapper.application; includeInIndex = 0; path = ChampionDex.app; sourceTree = BUILT_PRODUCTS_DIR; };
		42E532A61DD0464300D695B8 /* AppDelegate.swift */ = {isa = PBXFileReference; lastKnownFileType = sourcecode.swift; path = AppDelegate.swift; sourceTree = "<group>"; };
		42E532A81DD0464300D695B8 /* ViewController.swift */ = {isa = PBXFileReference; lastKnownFileType = sourcecode.swift; path = ViewController.swift; sourceTree = "<group>"; };
		42E532AB1DD0464300D695B8 /* Base */ = {isa = PBXFileReference; lastKnownFileType = file.storyboard; name = Base; path = Base.lproj/Main.storyboard; sourceTree = "<group>"; };
		42E532AD1DD0464300D695B8 /* Assets.xcassets */ = {isa = PBXFileReference; lastKnownFileType = folder.assetcatalog; path = Assets.xcassets; sourceTree = "<group>"; };
		42E532B01DD0464300D695B8 /* Base */ = {isa = PBXFileReference; lastKnownFileType = file.storyboard; name = Base; path = Base.lproj/LaunchScreen.storyboard; sourceTree = "<group>"; };
		42E532B21DD0464300D695B8 /* Info.plist */ = {isa = PBXFileReference; lastKnownFileType = text.plist.xml; path = Info.plist; sourceTree = "<group>"; };
/* End PBXFileReference section */

/* Begin PBXFrameworksBuildPhase section */
		42E532A01DD0464300D695B8 /* Frameworks */ = {
			isa = PBXFrameworksBuildPhase;
			buildActionMask = 2147483647;
			files = (
			);
			runOnlyForDeploymentPostprocessing = 0;
		};
/* End PBXFrameworksBuildPhase section */

/* Begin PBXGroup section */
		42E5329A1DD0464300D695B8 = {
			isa = PBXGroup;
			children = (
				42E532A51DD0464300D695B8 /* ChampionDex */,
				42E532A41DD0464300D695B8 /* Products */,
			);
			sourceTree = "<group>";
		};
		42E532A41DD0464300D695B8 /* Products */ = {
			isa = PBXGroup;
			children = (
				42E532A31DD0464300D695B8 /* ChampionDex.app */,
			);
			name = Products;
			sourceTree = "<group>";
		};
		42E532A51DD0464300D695B8 /* ChampionDex */ = {
			isa = PBXGroup;
			children = (
				42E532A61DD0464300D695B8 /* AppDelegate.swift */,
				42E532A81DD0464300D695B8 /* ViewController.swift */,
				42E532AA1DD0464300D695B8 /* Main.storyboard */,
				42E532AD1DD0464300D695B8 /* Assets.xcassets */,
				42E532AF1DD0464300D695B8 /* LaunchScreen.storyboard */,
				42E532B21DD0464300D695B8 /* Info.plist */,
			);
			path = ChampionDex;
			sourceTree = "<group>";
		};
/* End PBXGroup section */

/* Begin PBXNativeTarget section */
		42E532A21DD0464300D695B8 /* ChampionDex */ = {
			isa = PBXNativeTarget;
			buildConfigurationList = 42E532B51DD0464300D695B8 /* Build configuration list for PBXNativeTarget "ChampionDex" */;
			buildPhases = (
				42E5329F1DD0464300D695B8 /* Sources */,
				42E532A01DD0464300D695B8 /* Frameworks */,
				42E532A11DD0464300D695B8 /* Resources */,
			);
			buildRules = (
			);
			dependencies = (
			);
			name = ChampionDex;
			productName = ChampionDex;
			productReference = 42E532A31DD0464300D695B8 /* ChampionDex.app */;
			productType = "com.apple.product-type.application";
		};
/* End PBXNativeTarget section */

/* Begin PBXProject section */
		42E5329B1DD0464300D695B8 /* Project object */ = {
			isa = PBXProject;
			attributes = {
				LastSwiftUpdateCheck = 0810;
				LastUpgradeCheck = 0810;
				ORGANIZATIONNAME = "Jude Joseph";
				TargetAttributes = {
					42E532A21DD0464300D695B8 = {
						CreatedOnToolsVersion = 8.1;
						ProvisioningStyle = Automatic;
					};
				};
			};
			buildConfigurationList = 42E5329E1DD0464300D695B8 /* Build configuration list for PBXProject "ChampionDex" */;
			compatibilityVersion = "Xcode 3.2";
			developmentRegion = English;
			hasScannedForEncodings = 0;
			knownRegions = (
				en,
				Base,
			);
			mainGroup = 42E5329A1DD0464300D695B8;
			productRefGroup = 42E532A41DD0464300D695B8 /* Products */;
			projectDirPath = "";
			projectRoot = "";
			targets = (
				42E532A21DD0464300D695B8 /* ChampionDex */,
			);
		};
/* End PBXProject section */

/* Begin PBXResourcesBuildPhase section */
		42E532A11DD0464300D695B8 /* Resources */ = {
			isa = PBXResourcesBuildPhase;
			buildActionMask = 2147483647;
			files = (
				42E532B11DD0464300D695B8 /* LaunchScreen.storyboard in Resources */,
				42E532AE1DD0464300D695B8 /* Assets.xcassets in Resources */,
				42E532AC1DD0464300D695B8 /* Main.storyboard in Resources */,
			);
			runOnlyForDeploymentPostprocessing = 0;
		};
/* End PBXResourcesBuildPhase section */

/* Begin PBXSourcesBuildPhase section */
		42E5329F1DD0464300D695B8 /* Sources */ = {
			isa = PBXSourcesBuildPhase;
			buildActionMask = 2147483647;
			files = (
				42E532A91DD0464300D695B8 /* ViewController.swift in Sources */,
				42E532A71DD0464300D695B8 /* AppDelegate.swift in Sources */,
			);
			runOnlyForDeploymentPostprocessing = 0;
		};
/* End PBXSourcesBuildPhase section */

/* Begin PBXVariantGroup section */
		42E532AA1DD0464300D695B8 /* Main.storyboard */ = {
			isa = PBXVariantGroup;
			children = (
				42E532AB1DD0464300D695B8 /* Base */,
			);
			name = Main.storyboard;
			sourceTree = "<group>";
		};
		42E532AF1DD0464300D695B8 /* LaunchScreen.storyboard */ = {
			isa = PBXVariantGroup;
			children = (
				42E532B01DD0464300D695B8 /* Base */,
			);
			name = LaunchScreen.storyboard;
			sourceTree = "<group>";
		};
/* End PBXVariantGroup section */

/* Begin XCBuildConfiguration section */
		42E532B31DD0464300D695B8 /* Debug */ = {
			isa = XCBuildConfiguration;
			buildSettings = {
				ALWAYS_SEARCH_USER_PATHS = NO;
				CLANG_ANALYZER_NONNULL = YES;
				CLANG_CXX_LANGUAGE_STANDARD = "gnu++0x";
				CLANG_CXX_LIBRARY = "libc++";
				CLANG_ENABLE_MODULES = YES;
				CLANG_ENABLE_OBJC_ARC = YES;
				CLANG_WARN_BOOL_CONVERSION = YES;
				CLANG_WARN_CONSTANT_CONVERSION = YES;
				CLANG_WARN_DIRECT_OBJC_ISA_USAGE = YES_ERROR;
				CLANG_WARN_DOCUMENTATION_COMMENTS = YES;
				CLANG_WARN_EMPTY_BODY = YES;
				CLANG_WARN_ENUM_CONVERSION = YES;
				CLANG_WARN_INFINITE_RECURSION = YES;
				CLANG_WARN_INT_CONVERSION = YES;
				CLANG_WARN_OBJC_ROOT_CLASS = YES_ERROR;
				CLANG_WARN_SUSPICIOUS_MOVES = YES;
				CLANG_WARN_UNREACHABLE_CODE = YES;
				CLANG_WARN__DUPLICATE_METHOD_MATCH = YES;
				"CODE_SIGN_IDENTITY[sdk=iphoneos*]" = "iPhone Developer";
				COPY_PHASE_STRIP = NO;
				DEBUG_INFORMATION_FORMAT = dwarf;
				ENABLE_STRICT_OBJC_MSGSEND = YES;
				ENABLE_TESTABILITY = YES;
				GCC_C_LANGUAGE_STANDARD = gnu99;
				GCC_DYNAMIC_NO_PIC = NO;
				GCC_NO_COMMON_BLOCKS = YES;
				GCC_OPTIMIZATION_LEVEL = 0;
				GCC_PREPROCESSOR_DEFINITIONS = (
					"DEBUG=1",
					"$(inherited)",
				);
				GCC_WARN_64_TO_32_BIT_CONVERSION = YES;
				GCC_WARN_ABOUT_RETURN_TYPE = YES_ERROR;
				GCC_WARN_UNDECLARED_SELECTOR = YES;
				GCC_WARN_UNINITIALIZED_AUTOS = YES_AGGRESSIVE;
				GCC_WARN_UNUSED_FUNCTION = YES;
				GCC_WARN_UNUSED_VARIABLE = YES;
				IPHONEOS_DEPLOYMENT_TARGET = 10.1;
				MTL_ENABLE_DEBUG_INFO = YES;
				ONLY_ACTIVE_ARCH = YES;
				SDKROOT = iphoneos;
				SWIFT_ACTIVE_COMPILATION_CONDITIONS = DEBUG;
				SWIFT_OPTIMIZATION_LEVEL = "-Onone";
				TARGETED_DEVICE_FAMILY = "1,2";
			};
			name = Debug;
		};
		42E532B41DD0464300D695B8 /* Release */ = {
			isa = XCBuildConfiguration;
			buildSettings = {
				ALWAYS_SEARCH_USER_PATHS = NO;
				CLANG_ANALYZER_NONNULL = YES;
				CLANG_CXX_LANGUAGE_STANDARD = "gnu++0x";
				CLANG_CXX_LIBRARY = "libc++";
				CLANG_ENABLE_MODULES = YES;
				CLANG_ENABLE_OBJC_ARC = YES;
				CLANG_WARN_BOOL_CONVERSION = YES;
				CLANG_WARN_CONSTANT_CONVERSION = YES;
				CLANG_WARN_DIRECT_OBJC_ISA_USAGE = YES_ERROR;
				CLANG_WARN_DOCUMENTATION_COMMENTS = YES;
				CLANG_WARN_EMPTY_BODY = YES;
				CLANG_WARN_ENUM_CONVERSION = YES;
				CLANG_WARN_INFINITE_RECURSION = YES;
				CLANG_WARN_INT_CONVERSION = YES;
				CLANG_WARN_OBJC_ROOT_CLASS = YES_ERROR;
				CLANG_WARN_SUSPICIOUS_MOVES = YES;
				CLANG_WARN_UNREACHABLE_CODE = YES;
				CLANG_WARN__DUPLICATE_METHOD_MATCH = YES;
				"CODE_SIGN_IDENTITY[sdk=iphoneos*]" = "iPhone Developer";
				COPY_PHASE_STRIP = NO;
				DEBUG_INFORMATION_FORMAT = "dwarf-with-dsym";
				ENABLE_NS_ASSERTIONS = NO;
				ENABLE_STRICT_OBJC_MSGSEND = YES;
				GCC_C_LANGUAGE_STANDARD = gnu99;
				GCC_NO_COMMON_BLOCKS = YES;
				GCC_WARN_64_TO_32_BIT_CONVERSION = YES;
				GCC_WARN_ABOUT_RETURN_TYPE = YES_ERROR;
				GCC_WARN_UNDECLARED_SELECTOR = YES;
				GCC_WARN_UNINITIALIZED_AUTOS = YES_AGGRESSIVE;
				GCC_WARN_UNUSED_FUNCTION = YES;
				GCC_WARN_UNUSED_VARIABLE = YES;
				IPHONEOS_DEPLOYMENT_TARGET = 10.1;
				MTL_ENABLE_DEBUG_INFO = NO;
				SDKROOT = iphoneos;
				SWIFT_OPTIMIZATION_LEVEL = "-Owholemodule";
				TARGETED_DEVICE_FAMILY = "1,2";
				VALIDATE_PRODUCT = YES;
			};
			name = Release;
		};
		42E532B61DD0464300D695B8 /* Debug */ = {
			isa = XCBuildConfiguration;
			buildSettings = {
				ASSETCATALOG_COMPILER_APPICON_NAME = AppIcon;
				INFOPLIST_FILE = ChampionDex/Info.plist;
				LD_RUNPATH_SEARCH_PATHS = "$(inherited) @executable_path/Frameworks";
				PRODUCT_BUNDLE_IDENTIFIER = com.example.ChampionDex;
				PRODUCT_NAME = "$(TARGET_NAME)";
				SWIFT_VERSION = 3.0;
			};
			name = Debug;
		};
		42E532B71DD0464300D695B8 /* Release */ = {
			isa = XCBuildConfiguration;
			buildSettings = {
				ASSETCATALOG_COMPILER_APPICON_NAME = AppIcon;
				INFOPLIST_FILE = ChampionDex/Info.plist;
				LD_RUNPATH_SEARCH_PATHS = "$(inherited) @executable_path/Frameworks";
				PRODUCT_BUNDLE_IDENTIFIER = com.example.ChampionDex;
				PRODUCT_NAME = "$(TARGET_NAME)";
				SWIFT_VERSION = 3.0;
			};
			name = Release;
		};
/* End XCBuildConfiguration section */

/* Begin XCConfigurationList section */
		42E5329E1DD0464300D695B8 /* Build configuration list for PBXProject "ChampionDex" */ = {
			isa = XCConfigurationList;
			buildConfigurations = (
				42E532B31DD0464300D695B8 /* Debug */,
				42E532B41DD0464300D695B8 /* Release */,
			);
			defaultConfigurationIsVisible = 0;
			defaultConfigurationName = Release;
		};
		42E532B51DD0464300D695B8 /* Build configuration list for PBXNativeTarget "ChampionDex" */ = {
			isa = XCConfigurationList;
			buildConfigurations = (
				42E532B61DD0464300D695B8 /* Debug */,
				42E532B71DD0464300D695B8 /* Release */,
			);
			defaultConfigurationIsVisible = 0;
		};
/* End XCConfigurationList section */
	};
	rootObject = 42E5329B1DD0464300D695B8 /* Project object */;
}
